
Microsoft Visual Studio Solution File, Format Version 12.00
# Visual Studio 14
VisualStudioVersion = 14.0.25420.1
MinimumVisualStudioVersion = 10.0.40219.1
Project("{FAE04EC0-301F-11D3-BF4B-00C04F79EFBC}") = "NorthWind.Entities", "NorthWind.Entities\NorthWind.Entities.csproj", "{977F5959-6A70-4F53-9BFB-4BB7D94FC917}"
EndProject
Project("{FAE04EC0-301F-11D3-BF4B-00C04F79EFBC}") = "NorthWind.DataAccess", "NorthWind.DataAccess\NorthWind.DataAccess.csproj", "{C889BED3-DF78-479A-B483-764D7175167C}"
EndProject
Project("{FAE04EC0-301F-11D3-BF4B-00C04F79EFBC}") = "NorthWind.Business", "NorthWind.Business\NorthWind.Business.csproj", "{F43BB546-E8EC-4000-8594-658F75CFF7FF}"
EndProject
Project("{FAE04EC0-301F-11D3-BF4B-00C04F79EFBC}") = "NorthWind.WebFormsUI", "NorthWind.WebFormsUI\NorthWind.WebFormsUI.csproj", "{876E4A51-493B-4E9F-A60A-6096D38B6128}"
EndProject
Global
	GlobalSection(SolutionConfigurationPlatforms) = preSolution
		Debug|Any CPU = Debug|Any CPU
		Release|Any CPU = Release|Any CPU
	EndGlobalSection
	GlobalSection(ProjectConfigurationPlatforms) = postSolution
		{977F5959-6A70-4F53-9BFB-4BB7D94FC917}.Debug|Any CPU.ActiveCfg = Debug|Any CPU
		{977F5959-6A70-4F53-9BFB-4BB7D94FC917}.Debug|Any CPU.Build.0 = Debug|Any CPU
		{977F5959-6A70-4F53-9BFB-4BB7D94FC917}.Release|Any CPU.ActiveCfg = Release|Any CPU
		{977F5959-6A70-4F53-9BFB-4BB7D94FC917}.Release|Any CPU.Build.0 = Release|Any CPU
		{C889BED3-DF78-479A-B483-764D7175167C}.Debug|Any CPU.ActiveCfg = Debug|Any CPU
		{C889BED3-DF78-479A-B483-764D7175167C}.Debug|Any CPU.Build.0 = Debug|Any CPU
		{C889BED3-DF78-479A-B483-764D7175167C}.Release|Any CPU.ActiveCfg = Release|Any CPU
		{C889BED3-DF78-479A-B483-764D7175167C}.Release|Any CPU.Build.0 = Release|Any CPU
		{F43BB546-E8EC-4000-8594-658F75CFF7FF}.Debug|Any CPU.ActiveCfg = Debug|Any CPU
		{F43BB546-E8EC-4000-8594-658F75CFF7FF}.Debug|Any CPU.Build.0 = Debug|Any CPU
		{F43BB546-E8EC-4000-8594-658F75CFF7FF}.Release|Any CPU.ActiveCfg = Release|Any CPU
		{F43BB546-E8EC-4000-8594-658F75CFF7FF}.Release|Any CPU.Build.0 = Release|Any CPU
		{876E4A51-493B-4E9F-A60A-6096D38B6128}.Debug|Any CPU.ActiveCfg = Debug|Any CPU
		{876E4A51-493B-4E9F-A60A-6096D38B6128}.Debug|Any CPU.Build.0 = Debug|Any CPU
		{876E4A51-493B-4E9F-A60A-6096D38B6128}.Release|Any CPU.ActiveCfg = Release|Any CPU
		{876E4A51-493B-4E9F-A60A-6096D38B6128}.Release|Any CPU.Build.0 = Release|Any CPU
	EndGlobalSection
	GlobalSection(SolutionProperties) = preSolution
		HideSolutionNode = FALSE
	EndGlobalSection
EndGlobal
